schema: '2.0'
stages:
  data_ingestion:
    cmd: python src/data_ingestion.py
    deps:
    - path: src/data_ingestion.py
      hash: md5
      md5: 3b435eeef53bb51cb5f00405de994844
      size: 3513
    params:
      params.yaml:
        data_ingestion.test_size: 0.23
    outs:
    - path: data/raw
      hash: md5
      md5: ab25273a74ede19a74e06e52d74570a5.dir
      size: 479272
      nfiles: 2
  data_preprocessing:
    cmd: python src/data_preprocessing.py
    deps:
    - path: data/raw
      hash: md5
      md5: ab25273a74ede19a74e06e52d74570a5.dir
      size: 479272
      nfiles: 2
    - path: src/data_preprocessing.py
      hash: md5
      md5: 158130fa3ada2ed96ada460b539d42e9
      size: 3864
    outs:
    - path: data/interim
      hash: md5
      md5: b634b316c95a7c70f69fc81a506025a0.dir
      size: 255840
      nfiles: 2
  feature_engineering:
    cmd: python src/feature_engineering.py
    deps:
    - path: data/interim
      hash: md5
      md5: b634b316c95a7c70f69fc81a506025a0.dir
      size: 255840
      nfiles: 2
    - path: src/feature_engineering.py
      hash: md5
      md5: 55c838f8b9b24bdf96f0bf4a576fbf73
      size: 3798
    params:
      params.yaml:
        feature_engineering.max_features: 35
    outs:
    - path: data/processed
      hash: md5
      md5: 9c48d094637ce6b9137eef34e08eea31.dir
      size: 831712
      nfiles: 2
  model_training:
    cmd: python src/model_training.py
    deps:
    - path: data/processed
      hash: md5
      md5: 9c48d094637ce6b9137eef34e08eea31.dir
      size: 831712
      nfiles: 2
    - path: src/model_training.py
      hash: md5
      md5: 17ca7834783a6b2822184e114c2d9980
      size: 4287
    params:
      params.yaml:
        model_building.n_estimators: 22
        model_building.random_state: 2
    outs:
    - path: models/model.pkl
      hash: md5
      md5: 29d669d1e6f5c750e42420c076a3c3f0
      size: 706901
  model_evaluation:
    cmd: python src/model_evaluation.py
    deps:
    - path: models/model.pkl
      hash: md5
      md5: 29d669d1e6f5c750e42420c076a3c3f0
      size: 706901
    - path: src/model_evaluation.py
      hash: md5
      md5: 23b325e8fb1266fb1247b87d009a5b56
      size: 4526
    outs:
    - path: reports/metrics.json
      hash: md5
      md5: 6a25a28dba4a533d0772b53fbd1379be
      size: 136
